// !$*UTF8*$!
{
	archiveVersion = 1;
	classes = {
	};
	objectVersion = 46;
	objects = {

/* Begin PBXBuildFile section */
		40285EB51D379BAA008EEFFD /* 518097-background-hd.jpg in Resources */ = {isa = PBXBuildFile; fileRef = 40285EB41D379BAA008EEFFD /* 518097-background-hd.jpg */; };
		40285EB71D379C05008EEFFD /* images.jpeg in Resources */ = {isa = PBXBuildFile; fileRef = 40285EB61D379C05008EEFFD /* images.jpeg */; };
		40AB1C651D2FA3B900F3D1DB /* AppDelegate.swift in Sources */ = {isa = PBXBuildFile; fileRef = 40AB1C641D2FA3B900F3D1DB /* AppDelegate.swift */; };
		40AB1C671D2FA3B900F3D1DB /* ViewController.swift in Sources */ = {isa = PBXBuildFile; fileRef = 40AB1C661D2FA3B900F3D1DB /* ViewController.swift */; };
		40AB1C6A1D2FA3B900F3D1DB /* Main.storyboard in Resources */ = {isa = PBXBuildFile; fileRef = 40AB1C681D2FA3B900F3D1DB /* Main.storyboard */; };
		40AB1C6C1D2FA3B900F3D1DB /* Assets.xcassets in Resources */ = {isa = PBXBuildFile; fileRef = 40AB1C6B1D2FA3B900F3D1DB /* Assets.xcassets */; };
		40AB1C6F1D2FA3B900F3D1DB /* LaunchScreen.storyboard in Resources */ = {isa = PBXBuildFile; fileRef = 40AB1C6D1D2FA3B900F3D1DB /* LaunchScreen.storyboard */; };
/* End PBXBuildFile section */

/* Begin PBXFileReference section */
		40285EB41D379BAA008EEFFD /* 518097-background-hd.jpg */ = {isa = PBXFileReference; lastKnownFileType = image.jpeg; name = "518097-background-hd.jpg"; path = "../../../../Downloads/518097-background-hd.jpg"; sourceTree = "<group>"; };
		40285EB61D379C05008EEFFD /* images.jpeg */ = {isa = PBXFileReference; lastKnownFileType = image.jpeg; name = images.jpeg; path = ../../../../Downloads/images.jpeg; sourceTree = "<group>"; };
		40AB1C611D2FA3B900F3D1DB /* TestApp.app */ = {isa = PBXFileReference; explicitFileType = wrapper.application; includeInIndex = 0; path = TestApp.app; sourceTree = BUILT_PRODUCTS_DIR; };
		40AB1C641D2FA3B900F3D1DB /* AppDelegate.swift */ = {isa = PBXFileReference; lastKnownFileType = sourcecode.swift; path = AppDelegate.swift; sourceTree = "<group>"; };
		40AB1C661D2FA3B900F3D1DB /* ViewController.swift */ = {isa = PBXFileReference; lastKnownFileType = sourcecode.swift; path = ViewController.swift; sourceTree = "<group>"; };
		40AB1C691D2FA3B900F3D1DB /* Base */ = {isa = PBXFileReference; lastKnownFileType = file.storyboard; name = Base; path = Base.lproj/Main.storyboard; sourceTree = "<group>"; };
		40AB1C6B1D2FA3B900F3D1DB /* Assets.xcassets */ = {isa = PBXFileReference; lastKnownFileType = folder.assetcatalog; path = Assets.xcassets; sourceTree = "<group>"; };
		40AB1C6E1D2FA3B900F3D1DB /* Base */ = {isa = PBXFileReference; lastKnownFileType = file.storyboard; name = Base; path = Base.lproj/LaunchScreen.storyboard; sourceTree = "<group>"; };
		40AB1C701D2FA3B900F3D1DB /* Info.plist */ = {isa = PBXFileReference; lastKnownFileType = text.plist.xml; path = Info.plist; sourceTree = "<group>"; };
/* End PBXFileReference section */

/* Begin PBXFrameworksBuildPhase section */
		40AB1C5E1D2FA3B900F3D1DB /* Frameworks */ = {
			isa = PBXFrameworksBuildPhase;
			buildActionMask = 2147483647;
			files = (
			);
			runOnlyForDeploymentPostprocessing = 0;
		};
/* End PBXFrameworksBuildPhase section */

/* Begin PBXGroup section */
		40AB1C581D2FA3B900F3D1DB = {
			isa = PBXGroup;
			children = (
				40AB1C631D2FA3B900F3D1DB /* TestApp */,
				40AB1C621D2FA3B900F3D1DB /* Products */,
			);
			sourceTree = "<group>";
		};
		40AB1C621D2FA3B900F3D1DB /* Products */ = {
			isa = PBXGroup;
			children = (
				40AB1C611D2FA3B900F3D1DB /* TestApp.app */,
			);
			name = Products;
			sourceTree = "<group>";
		};
		40AB1C631D2FA3B900F3D1DB /* TestApp */ = {
			isa = PBXGroup;
			children = (
				40AB1C641D2FA3B900F3D1DB /* AppDelegate.swift */,
				40AB1C661D2FA3B900F3D1DB /* ViewController.swift */,
				40AB1C681D2FA3B900F3D1DB /* Main.storyboard */,
				40285EB61D379C05008EEFFD /* images.jpeg */,
				40285EB41D379BAA008EEFFD /* 518097-background-hd.jpg */,
				40AB1C6B1D2FA3B900F3D1DB /* Assets.xcassets */,
				40AB1C6D1D2FA3B900F3D1DB /* LaunchScreen.storyboard */,
				40AB1C701D2FA3B900F3D1DB /* Info.plist */,
			);
			path = TestApp;
			sourceTree = "<group>";
		};
/* End PBXGroup section */

/* Begin PBXNativeTarget section */
		40AB1C601D2FA3B900F3D1DB /* TestApp */ = {
			isa = PBXNativeTarget;
			buildConfigurationList = 40AB1C731D2FA3B900F3D1DB /* Build configuration list for PBXNativeTarget "TestApp" */;
			buildPhases = (
				40AB1C5D1D2FA3B900F3D1DB /* Sources */,
				40AB1C5E1D2FA3B900F3D1DB /* Frameworks */,
				40AB1C5F1D2FA3B900F3D1DB /* Resources */,
			);
			buildRules = (
			);
			dependencies = (
			);
			name = TestApp;
			productName = TestApp;
			productReference = 40AB1C611D2FA3B900F3D1DB /* TestApp.app */;
			productType = "com.apple.product-type.application";
		};
/* End PBXNativeTarget section */

/* Begin PBXProject section */
		40AB1C591D2FA3B900F3D1DB /* Project object */ = {
			isa = PBXProject;
			attributes = {
				LastSwiftUpdateCheck = 0730;
				LastUpgradeCheck = 0730;
				ORGANIZATIONNAME = "Snehal, Pallavi";
				TargetAttributes = {
					40AB1C601D2FA3B900F3D1DB = {
						CreatedOnToolsVersion = 7.3;
						DevelopmentTeam = 54G9FXPDJH;
					};
				};
			};
			buildConfigurationList = 40AB1C5C1D2FA3B900F3D1DB /* Build configuration list for PBXProject "TestApp" */;
			compatibilityVersion = "Xcode 3.2";
			developmentRegion = English;
			hasScannedForEncodings = 0;
			knownRegions = (
				en,
				Base,
			);
			mainGroup = 40AB1C581D2FA3B900F3D1DB;
			productRefGroup = 40AB1C621D2FA3B900F3D1DB /* Products */;
			projectDirPath = "";
			projectRoot = "";
			targets = (
				40AB1C601D2FA3B900F3D1DB /* TestApp */,
			);
		};
/* End PBXProject section */

/* Begin PBXResourcesBuildPhase section */
		40AB1C5F1D2FA3B900F3D1DB /* Resources */ = {
			isa = PBXResourcesBuildPhase;
			buildActionMask = 2147483647;
			files = (
				40AB1C6F1D2FA3B900F3D1DB /* LaunchScreen.storyboard in Resources */,
				40285EB71D379C05008EEFFD /* images.jpeg in Resources */,
				40AB1C6C1D2FA3B900F3D1DB /* Assets.xcassets in Resources */,
				40AB1C6A1D2FA3B900F3D1DB /* Main.storyboard in Resources */,
				40285EB51D379BAA008EEFFD /* 518097-background-hd.jpg in Resources */,
			);
			runOnlyForDeploymentPostprocessing = 0;
		};
/* End PBXResourcesBuildPhase section */

/* Begin PBXSourcesBuildPhase section */
		40AB1C5D1D2FA3B900F3D1DB /* Sources */ = {
			isa = PBXSourcesBuildPhase;
			buildActionMask = 2147483647;
			files = (
				40AB1C671D2FA3B900F3D1DB /* ViewController.swift in Sources */,
				40AB1C651D2FA3B900F3D1DB /* AppDelegate.swift in Sources */,
			);
			runOnlyForDeploymentPostprocessing = 0;
		};
/* End PBXSourcesBuildPhase section */

/* Begin PBXVariantGroup section */
		40AB1C681D2FA3B900F3D1DB /* Main.storyboard */ = {
			isa = PBXVariantGroup;
			children = (
				40AB1C691D2FA3B900F3D1DB /* Base */,
			);
			name = Main.storyboard;
			sourceTree = "<group>";
		};
		40AB1C6D1D2FA3B900F3D1DB /* LaunchScreen.storyboard */ = {
			isa = PBXVariantGroup;
			children = (
				40AB1C6E1D2FA3B900F3D1DB /* Base */,
			);
			name = LaunchScreen.storyboard;
			sourceTree = "<group>";
		};
/* End PBXVariantGroup section */

/* Begin XCBuildConfiguration section */
		40AB1C711D2FA3B900F3D1DB /* Debug */ = {
			isa = XCBuildConfiguration;
			buildSettings = {
				ALWAYS_SEARCH_USER_PATHS = NO;
				CLANG_ANALYZER_NONNULL = YES;
				CLANG_CXX_LANGUAGE_STANDARD = "gnu++0x";
				CLANG_CXX_LIBRARY = "libc++";
				CLANG_ENABLE_MODULES = YES;
				CLANG_ENABLE_OBJC_ARC = YES;
				CLANG_WARN_BOOL_CONVERSION = YES;
				CLANG_WARN_CONSTANT_CONVERSION = YES;
				CLANG_WARN_DIRECT_OBJC_ISA_USAGE = YES_ERROR;
				CLANG_WARN_EMPTY_BODY = YES;
				CLANG_WARN_ENUM_CONVERSION = YES;
				CLANG_WARN_INT_CONVERSION = YES;
				CLANG_WARN_OBJC_ROOT_CLASS = YES_ERROR;
				CLANG_WARN_UNREACHABLE_CODE = YES;
				CLANG_WARN__DUPLICATE_METHOD_MATCH = YES;
				"CODE_SIGN_IDENTITY[sdk=iphoneos*]" = "iPhone Developer";
				COPY_PHASE_STRIP = NO;
				DEBUG_INFORMATION_FORMAT = dwarf;
				ENABLE_STRICT_OBJC_MSGSEND = YES;
				ENABLE_TESTABILITY = YES;
				GCC_C_LANGUAGE_STANDARD = gnu99;
				GCC_DYNAMIC_NO_PIC = NO;
				GCC_NO_COMMON_BLOCKS = YES;
				GCC_OPTIMIZATION_LEVEL = 0;
				GCC_PREPROCESSOR_DEFINITIONS = (
					"DEBUG=1",
					"$(inherited)",
				);
				GCC_WARN_64_TO_32_BIT_CONVERSION = YES;
				GCC_WARN_ABOUT_RETURN_TYPE = YES_ERROR;
				GCC_WARN_UNDECLARED_SELECTOR = YES;
				GCC_WARN_UNINITIALIZED_AUTOS = YES_AGGRESSIVE;
				GCC_WARN_UNUSED_FUNCTION = YES;
				GCC_WARN_UNUSED_VARIABLE = YES;
				IPHONEOS_DEPLOYMENT_TARGET = 9.3;
				MTL_ENABLE_DEBUG_INFO = YES;
				ONLY_ACTIVE_ARCH = YES;
				SDKROOT = iphoneos;
				SWIFT_OPTIMIZATION_LEVEL = "-Onone";
			};
			name = Debug;
		};
		40AB1C721D2FA3B900F3D1DB /* Release */ = {
			isa = XCBuildConfiguration;
			buildSettings = {
				ALWAYS_SEARCH_USER_PATHS = NO;
				CLANG_ANALYZER_NONNULL = YES;
				CLANG_CXX_LANGUAGE_STANDARD = "gnu++0x";
				CLANG_CXX_LIBRARY = "libc++";
				CLANG_ENABLE_MODULES = YES;
				CLANG_ENABLE_OBJC_ARC = YES;
				CLANG_WARN_BOOL_CONVERSION = YES;
				CLANG_WARN_CONSTANT_CONVERSION = YES;
				CLANG_WARN_DIRECT_OBJC_ISA_USAGE = YES_ERROR;
				CLANG_WARN_EMPTY_BODY = YES;
				CLANG_WARN_ENUM_CONVERSION = YES;
				CLANG_WARN_INT_CONVERSION = YES;
				CLANG_WARN_OBJC_ROOT_CLASS = YES_ERROR;
				CLANG_WARN_UNREACHABLE_CODE = YES;
				CLANG_WARN__DUPLICATE_METHOD_MATCH = YES;
				"CODE_SIGN_IDENTITY[sdk=iphoneos*]" = "iPhone Developer";
				COPY_PHASE_STRIP = NO;
				DEBUG_INFORMATION_FORMAT = "dwarf-with-dsym";
				ENABLE_NS_ASSERTIONS = NO;
				ENABLE_STRICT_OBJC_MSGSEND = YES;
				GCC_C_LANGUAGE_STANDARD = gnu99;
				GCC_NO_COMMON_BLOCKS = YES;
				GCC_WARN_64_TO_32_BIT_CONVERSION = YES;
				GCC_WARN_ABOUT_RETURN_TYPE = YES_ERROR;
				GCC_WARN_UNDECLARED_SELECTOR = YES;
				GCC_WARN_UNINITIALIZED_AUTOS = YES_AGGRESSIVE;
				GCC_WARN_UNUSED_FUNCTION = YES;
				GCC_WARN_UNUSED_VARIABLE = YES;
				IPHONEOS_DEPLOYMENT_TARGET = 9.3;
				MTL_ENABLE_DEBUG_INFO = NO;
				SDKROOT = iphoneos;
				VALIDATE_PRODUCT = YES;
			};
			name = Release;
		};
		40AB1C741D2FA3B900F3D1DB /* Debug */ = {
			isa = XCBuildConfiguration;
			buildSettings = {
				ASSETCATALOG_COMPILER_APPICON_NAME = AppIcon;
				CODE_SIGN_IDENTITY = "iPhone Developer: Pallavi Snehal (G4B2B9D4RM)";
				"CODE_SIGN_IDENTITY[sdk=iphoneos*]" = "iPhone Developer: Pallavi Snehal (G4B2B9D4RM)";
				"CODE_SIGN_RESOURCE_RULES_PATH[sdk=*]" = "$(SDKROOT)/ResourceRules.plist";
				INFOPLIST_FILE = TestApp/Info.plist;
				IPHONEOS_DEPLOYMENT_TARGET = 9.2;
				LD_RUNPATH_SEARCH_PATHS = "$(inherited) @executable_path/Frameworks";
				New_Setting = "";
				PRODUCT_BUNDLE_IDENTIFIER = accenture.TestApp;
				PRODUCT_NAME = "$(TARGET_NAME)";
				PROVISIONING_PROFILE = "";
				TARGETED_DEVICE_FAMILY = 1;
			};
			name = Debug;
		};
		40AB1C751D2FA3B900F3D1DB /* Release */ = {
			isa = XCBuildConfiguration;
			buildSettings = {
				ASSETCATALOG_COMPILER_APPICON_NAME = AppIcon;
				CODE_SIGN_IDENTITY = "iPhone Developer: Pallavi Snehal (G4B2B9D4RM)";
				"CODE_SIGN_IDENTITY[sdk=iphoneos*]" = "iPhone Developer: Pallavi Snehal (G4B2B9D4RM)";
				INFOPLIST_FILE = TestApp/Info.plist;
				IPHONEOS_DEPLOYMENT_TARGET = 9.2;
				LD_RUNPATH_SEARCH_PATHS = "$(inherited) @executable_path/Frameworks";
				New_Setting = "";
				PRODUCT_BUNDLE_IDENTIFIER = accenture.TestApp;
				PRODUCT_NAME = "$(TARGET_NAME)";
				PROVISIONING_PROFILE = "";
				TARGETED_DEVICE_FAMILY = 1;
			};
			name = Release;
		};
/* End XCBuildConfiguration section */

/* Begin XCConfigurationList section */
		40AB1C5C1D2FA3B900F3D1DB /* Build configuration list for PBXProject "TestApp" */ = {
			isa = XCConfigurationList;
			buildConfigurations = (
				40AB1C711D2FA3B900F3D1DB /* Debug */,
				40AB1C721D2FA3B900F3D1DB /* Release */,
			);
			defaultConfigurationIsVisible = 0;
			defaultConfigurationName = Release;
		};
		40AB1C731D2FA3B900F3D1DB /* Build configuration list for PBXNativeTarget "TestApp" */ = {
			isa = XCConfigurationList;
			buildConfigurations = (
				40AB1C741D2FA3B900F3D1DB /* Debug */,
				40AB1C751D2FA3B900F3D1DB /* Release */,
			);
			defaultConfigurationIsVisible = 0;
			defaultConfigurationName = Release;
		};
/* End XCConfigurationList section */
	};
	rootObject = 40AB1C591D2FA3B900F3D1DB /* Project object */;
}
